
Microsoft Visual Studio Solution File, Format Version 12.00
# Visual Studio Version 16
VisualStudioVersion = 16.0.31424.327
MinimumVisualStudioVersion = 10.0.40219.1
Project("{FAE04EC0-301F-11D3-BF4B-00C04F79EFBC}") = "imsControlAire", "imsControlAire.csproj", "{1A17A0CB-C853-437F-AB2C-ED2FEF023BB6}"
EndProject
Global
	GlobalSection(SolutionConfigurationPlatforms) = preSolution
		Debug|Any CPU = Debug|Any CPU
		Release|Any CPU = Release|Any CPU
	EndGlobalSection
	GlobalSection(ProjectConfigurationPlatforms) = postSolution
		{1A17A0CB-C853-437F-AB2C-ED2FEF023BB6}.Debug|Any CPU.ActiveCfg = Debug|Any CPU
		{1A17A0CB-C853-437F-AB2C-ED2FEF023BB6}.Debug|Any CPU.Build.0 = Debug|Any CPU
		{1A17A0CB-C853-437F-AB2C-ED2FEF023BB6}.Release|Any CPU.ActiveCfg = Release|Any CPU
		{1A17A0CB-C853-437F-AB2C-ED2FEF023BB6}.Release|Any CPU.Build.0 = Release|Any CPU
	EndGlobalSection
	GlobalSection(SolutionProperties) = preSolution
		HideSolutionNode = FALSE
	EndGlobalSection
	GlobalSection(ExtensibilityGlobals) = postSolution
		SolutionGuid = {D5472F07-3A16-47EF-A4F9-EBAA66FD3585}
	EndGlobalSection
EndGlobal
